
Microsoft Visual Studio Solution File, Format Version 12.00
# Visual Studio Version 16
VisualStudioVersion = 16.0.31025.194
MinimumVisualStudioVersion = 10.0.40219.1
Project("{FAE04EC0-301F-11D3-BF4B-00C04F79EFBC}") = "TMH_ProfPort", "TMH_ProfPort\TMH_ProfPort.csproj", "{34D190BE-9E85-42F7-9413-309C20C42C56}"
EndProject
Global
	GlobalSection(SolutionConfigurationPlatforms) = preSolution
		Debug|Any CPU = Debug|Any CPU
		Release|Any CPU = Release|Any CPU
	EndGlobalSection
	GlobalSection(ProjectConfigurationPlatforms) = postSolution
		{34D190BE-9E85-42F7-9413-309C20C42C56}.Debug|Any CPU.ActiveCfg = Debug|Any CPU
		{34D190BE-9E85-42F7-9413-309C20C42C56}.Debug|Any CPU.Build.0 = Debug|Any CPU
		{34D190BE-9E85-42F7-9413-309C20C42C56}.Release|Any CPU.ActiveCfg = Release|Any CPU
		{34D190BE-9E85-42F7-9413-309C20C42C56}.Release|Any CPU.Build.0 = Release|Any CPU
	EndGlobalSection
	GlobalSection(SolutionProperties) = preSolution
		HideSolutionNode = FALSE
	EndGlobalSection
	GlobalSection(ExtensibilityGlobals) = postSolution
		SolutionGuid = {F95E592C-8559-4CB7-81E0-21B23D76795A}
	EndGlobalSection
EndGlobal
